
Microsoft Visual Studio Solution File, Format Version 12.00
# Visual Studio 15
VisualStudioVersion = 15.0.28307.489
MinimumVisualStudioVersion = 10.0.40219.1
Project("{FAE04EC0-301F-11D3-BF4B-00C04F79EFBC}") = "EsendexSmsBinding", "EsendexSmsBinding\EsendexSmsBinding.csproj", "{AECA6871-2EEB-4807-9817-844D0D5077B1}"
EndProject
Project("{FAE04EC0-301F-11D3-BF4B-00C04F79EFBC}") = "Microsoft.Azure.WebJobs.Extensions.Esendex", "Microsoft.Azure.WebJobs.Extensions.Esendex\Microsoft.Azure.WebJobs.Extensions.Esendex.csproj", "{A2EFCD2C-F15F-4A05-8CBF-55830CED3FF2}"
EndProject
Global
	GlobalSection(SolutionConfigurationPlatforms) = preSolution
		Debug|Any CPU = Debug|Any CPU
		Release|Any CPU = Release|Any CPU
	EndGlobalSection
	GlobalSection(ProjectConfigurationPlatforms) = postSolution
		{AECA6871-2EEB-4807-9817-844D0D5077B1}.Debug|Any CPU.ActiveCfg = Debug|Any CPU
		{AECA6871-2EEB-4807-9817-844D0D5077B1}.Debug|Any CPU.Build.0 = Debug|Any CPU
		{AECA6871-2EEB-4807-9817-844D0D5077B1}.Release|Any CPU.ActiveCfg = Release|Any CPU
		{AECA6871-2EEB-4807-9817-844D0D5077B1}.Release|Any CPU.Build.0 = Release|Any CPU
		{A2EFCD2C-F15F-4A05-8CBF-55830CED3FF2}.Debug|Any CPU.ActiveCfg = Debug|Any CPU
		{A2EFCD2C-F15F-4A05-8CBF-55830CED3FF2}.Debug|Any CPU.Build.0 = Debug|Any CPU
		{A2EFCD2C-F15F-4A05-8CBF-55830CED3FF2}.Release|Any CPU.ActiveCfg = Release|Any CPU
		{A2EFCD2C-F15F-4A05-8CBF-55830CED3FF2}.Release|Any CPU.Build.0 = Release|Any CPU
	EndGlobalSection
	GlobalSection(SolutionProperties) = preSolution
		HideSolutionNode = FALSE
	EndGlobalSection
	GlobalSection(ExtensibilityGlobals) = postSolution
		SolutionGuid = {E7A10FC1-3CB8-4751-809A-0FE222EE0419}
	EndGlobalSection
EndGlobal
